
Microsoft Visual Studio Solution File, Format Version 12.00
# Visual Studio 15
Project("{FAE04EC0-301F-11D3-BF4B-00C04F79EFBC}") = "Assembly-CSharp", "Assembly-CSharp.csproj", "{A1FCE6EF-ADFB-4B7C-D998-D024EEBA82AE}"
EndProject
Project("{FAE04EC0-301F-11D3-BF4B-00C04F79EFBC}") = "Assembly-CSharp-Editor", "Assembly-CSharp-Editor.csproj", "{BA295DB9-46E3-29C6-25D2-24E8DC2FA868}"
EndProject
Global
	GlobalSection(SolutionConfigurationPlatforms) = preSolution
		Debug|Any CPU = Debug|Any CPU
		Release|Any CPU = Release|Any CPU
	EndGlobalSection
	GlobalSection(ProjectConfigurationPlatforms) = postSolution
		{A1FCE6EF-ADFB-4B7C-D998-D024EEBA82AE}.Debug|Any CPU.ActiveCfg = Debug|Any CPU
		{A1FCE6EF-ADFB-4B7C-D998-D024EEBA82AE}.Debug|Any CPU.Build.0 = Debug|Any CPU
		{A1FCE6EF-ADFB-4B7C-D998-D024EEBA82AE}.Release|Any CPU.ActiveCfg = Release|Any CPU
		{A1FCE6EF-ADFB-4B7C-D998-D024EEBA82AE}.Release|Any CPU.Build.0 = Release|Any CPU
		{BA295DB9-46E3-29C6-25D2-24E8DC2FA868}.Debug|Any CPU.ActiveCfg = Debug|Any CPU
		{BA295DB9-46E3-29C6-25D2-24E8DC2FA868}.Debug|Any CPU.Build.0 = Debug|Any CPU
		{BA295DB9-46E3-29C6-25D2-24E8DC2FA868}.Release|Any CPU.ActiveCfg = Release|Any CPU
		{BA295DB9-46E3-29C6-25D2-24E8DC2FA868}.Release|Any CPU.Build.0 = Release|Any CPU
	EndGlobalSection
	GlobalSection(SolutionProperties) = preSolution
		HideSolutionNode = FALSE
	EndGlobalSection
EndGlobal
